# THIS IS AN AUTOGENERATED FILE. DO NOT EDIT THIS FILE DIRECTLY.
assets/styles.css.liquid:
  development: 2018-04-10T15:38:10-04:00
assets/theme.js.liquid:
  development: 2018-04-10T15:38:10-04:00
config/settings_data.json:
  development: 2018-04-10T15:38:11-04:00   99914b932bd37a50b983c5e7c90ae93b
config/settings_schema.json:
  development: 2018-04-10T15:38:11-04:00   d751713988987e9331980363e24189ce
layout/theme.liquid:
  development: 2018-04-10T15:38:11-04:00   fd7aa811b33676fa29ea14767d9a7887
locales/en.default.json:
  development: 2018-04-10T15:38:11-04:00   5308c5ddc93b23a66d8e01496017cdda
templates/404.liquid:
  development: 2018-04-10T15:38:11-04:00
templates/article.liquid:
  development: 2018-04-10T15:38:11-04:00
templates/blog.liquid:
  development: 2018-04-10T15:38:11-04:00
templates/cart.liquid:
  development: 2018-04-10T15:38:11-04:00
templates/collection.liquid:
  development: 2018-04-10T15:38:11-04:00
templates/customers/account.liquid:
  development: 2018-04-10T15:38:11-04:00
templates/customers/activate_account.liquid:
  development: 2018-04-10T15:38:11-04:00
templates/customers/addresses.liquid:
  development: 2018-04-10T15:38:11-04:00
templates/customers/login.liquid:
  development: 2018-04-10T15:38:11-04:00
templates/customers/order.liquid:
  development: 2018-04-10T15:38:11-04:00
templates/customers/register.liquid:
  development: 2018-04-10T15:38:11-04:00
templates/customers/reset_password.liquid:
  development: 2018-04-10T15:38:11-04:00
templates/index.liquid:
  development: 2018-04-10T15:38:11-04:00
templates/page.liquid:
  development: 2018-04-10T15:38:11-04:00
templates/product.liquid:
  development: 2018-04-10T15:38:11-04:00
templates/search.liquid:
  development: 2018-04-10T15:38:11-04:00
